
Microsoft Visual Studio Solution File, Format Version 12.00
# Visual Studio 15
VisualStudioVersion = 15.0.28307.421
MinimumVisualStudioVersion = 10.0.40219.1
Project("{FAE04EC0-301F-11D3-BF4B-00C04F79EFBC}") = "ShopApp", "ShopApp\ShopApp.csproj", "{599C8F04-7652-4BB3-8491-5E72F8FBF510}"
EndProject
Project("{FAE04EC0-301F-11D3-BF4B-00C04F79EFBC}") = "ShopApp.Models", "ShopApp.Models\ShopApp.Models.csproj", "{171C9E9C-6EF8-4AE1-BD17-0560F7FD6C1E}"
EndProject
Project("{FAE04EC0-301F-11D3-BF4B-00C04F79EFBC}") = "ShopApp.DataAccess", "ShopApp.DataAccess\ShopApp.DataAccess.csproj", "{71F79F26-79B3-4F56-B03D-D341FE5E99FB}"
EndProject
Global
	GlobalSection(SolutionConfigurationPlatforms) = preSolution
		Debug|Any CPU = Debug|Any CPU
		Release|Any CPU = Release|Any CPU
	EndGlobalSection
	GlobalSection(ProjectConfigurationPlatforms) = postSolution
		{599C8F04-7652-4BB3-8491-5E72F8FBF510}.Debug|Any CPU.ActiveCfg = Debug|Any CPU
		{599C8F04-7652-4BB3-8491-5E72F8FBF510}.Debug|Any CPU.Build.0 = Debug|Any CPU
		{599C8F04-7652-4BB3-8491-5E72F8FBF510}.Release|Any CPU.ActiveCfg = Release|Any CPU
		{599C8F04-7652-4BB3-8491-5E72F8FBF510}.Release|Any CPU.Build.0 = Release|Any CPU
		{171C9E9C-6EF8-4AE1-BD17-0560F7FD6C1E}.Debug|Any CPU.ActiveCfg = Debug|Any CPU
		{171C9E9C-6EF8-4AE1-BD17-0560F7FD6C1E}.Debug|Any CPU.Build.0 = Debug|Any CPU
		{171C9E9C-6EF8-4AE1-BD17-0560F7FD6C1E}.Release|Any CPU.ActiveCfg = Release|Any CPU
		{171C9E9C-6EF8-4AE1-BD17-0560F7FD6C1E}.Release|Any CPU.Build.0 = Release|Any CPU
		{71F79F26-79B3-4F56-B03D-D341FE5E99FB}.Debug|Any CPU.ActiveCfg = Debug|Any CPU
		{71F79F26-79B3-4F56-B03D-D341FE5E99FB}.Debug|Any CPU.Build.0 = Debug|Any CPU
		{71F79F26-79B3-4F56-B03D-D341FE5E99FB}.Release|Any CPU.ActiveCfg = Release|Any CPU
		{71F79F26-79B3-4F56-B03D-D341FE5E99FB}.Release|Any CPU.Build.0 = Release|Any CPU
	EndGlobalSection
	GlobalSection(SolutionProperties) = preSolution
		HideSolutionNode = FALSE
	EndGlobalSection
	GlobalSection(ExtensibilityGlobals) = postSolution
		SolutionGuid = {B1D26AE3-1A19-4D02-9C8D-3400A0624D05}
	EndGlobalSection
EndGlobal
